
Microsoft Visual Studio Solution File, Format Version 12.00
# Visual Studio Version 16
VisualStudioVersion = 16.0.32106.194
MinimumVisualStudioVersion = 10.0.40219.1
Project("{FAE04EC0-301F-11D3-BF4B-00C04F79EFBC}") = "PHILOSOPHER", "PHILOSOPHER\PHILOSOPHER.csproj", "{42AC3F9B-600D-4491-BAF2-CD8CE4C38E8B}"
EndProject
Global
	GlobalSection(SolutionConfigurationPlatforms) = preSolution
		Debug|Any CPU = Debug|Any CPU
		Release|Any CPU = Release|Any CPU
	EndGlobalSection
	GlobalSection(ProjectConfigurationPlatforms) = postSolution
		{42AC3F9B-600D-4491-BAF2-CD8CE4C38E8B}.Debug|Any CPU.ActiveCfg = Debug|Any CPU
		{42AC3F9B-600D-4491-BAF2-CD8CE4C38E8B}.Debug|Any CPU.Build.0 = Debug|Any CPU
		{42AC3F9B-600D-4491-BAF2-CD8CE4C38E8B}.Release|Any CPU.ActiveCfg = Release|Any CPU
		{42AC3F9B-600D-4491-BAF2-CD8CE4C38E8B}.Release|Any CPU.Build.0 = Release|Any CPU
	EndGlobalSection
	GlobalSection(SolutionProperties) = preSolution
		HideSolutionNode = FALSE
	EndGlobalSection
	GlobalSection(ExtensibilityGlobals) = postSolution
		SolutionGuid = {DFC1E692-AA1F-48B3-999F-B8B015689D14}
	EndGlobalSection
EndGlobal
